
Microsoft Visual Studio Solution File, Format Version 12.00
# Visual Studio Version 17
VisualStudioVersion = 17.1.32210.238
MinimumVisualStudioVersion = 10.0.40219.1
Project("{9A19103F-16F7-4668-BE54-9A1E7A4F7556}") = "FirstWebApp032022", "FirstWebApp032022\FirstWebApp032022.csproj", "{4AE7D2C4-F415-4EDB-A104-03D97F319902}"
EndProject
Global
	GlobalSection(SolutionConfigurationPlatforms) = preSolution
		Debug|Any CPU = Debug|Any CPU
		Release|Any CPU = Release|Any CPU
	EndGlobalSection
	GlobalSection(ProjectConfigurationPlatforms) = postSolution
		{4AE7D2C4-F415-4EDB-A104-03D97F319902}.Debug|Any CPU.ActiveCfg = Debug|Any CPU
		{4AE7D2C4-F415-4EDB-A104-03D97F319902}.Debug|Any CPU.Build.0 = Debug|Any CPU
		{4AE7D2C4-F415-4EDB-A104-03D97F319902}.Release|Any CPU.ActiveCfg = Release|Any CPU
		{4AE7D2C4-F415-4EDB-A104-03D97F319902}.Release|Any CPU.Build.0 = Release|Any CPU
	EndGlobalSection
	GlobalSection(SolutionProperties) = preSolution
		HideSolutionNode = FALSE
	EndGlobalSection
	GlobalSection(ExtensibilityGlobals) = postSolution
		SolutionGuid = {7E4BE046-64F7-4724-8A1C-A4990400A332}
	EndGlobalSection
EndGlobal
